
Microsoft Visual Studio Solution File, Format Version 12.00
Project("{F2A71F9B-5D33-465A-A702-920D77279786}") = "AdventOfCode", "AdventOfCode\AdventOfCode.fsproj", "{0E49C09B-F3C5-4CDD-B726-FE88F6A78525}"
EndProject
Global
	GlobalSection(SolutionConfigurationPlatforms) = preSolution
		Debug|Any CPU = Debug|Any CPU
		Release|Any CPU = Release|Any CPU
	EndGlobalSection
	GlobalSection(ProjectConfigurationPlatforms) = postSolution
		{0E49C09B-F3C5-4CDD-B726-FE88F6A78525}.Debug|Any CPU.ActiveCfg = Debug|Any CPU
		{0E49C09B-F3C5-4CDD-B726-FE88F6A78525}.Debug|Any CPU.Build.0 = Debug|Any CPU
		{0E49C09B-F3C5-4CDD-B726-FE88F6A78525}.Release|Any CPU.ActiveCfg = Release|Any CPU
		{0E49C09B-F3C5-4CDD-B726-FE88F6A78525}.Release|Any CPU.Build.0 = Release|Any CPU
	EndGlobalSection
EndGlobal
